// !$*UTF8*$!
{
	archiveVersion = 1;
	classes = {
	};
	objectVersion = 46;
	objects = {

/* Begin PBXBuildFile section */
		F885341915D5B6EA00248B51 /* UIKit.framework in Frameworks */ = {isa = PBXBuildFile; fileRef = F885341815D5B6EA00248B51 /* UIKit.framework */; };
		F885341B15D5B6EA00248B51 /* Foundation.framework in Frameworks */ = {isa = PBXBuildFile; fileRef = F885341A15D5B6EA00248B51 /* Foundation.framework */; };
		F885341D15D5B6EA00248B51 /* CoreGraphics.framework in Frameworks */ = {isa = PBXBuildFile; fileRef = F885341C15D5B6EA00248B51 /* CoreGraphics.framework */; };
		F885342315D5B6EA00248B51 /* InfoPlist.strings in Resources */ = {isa = PBXBuildFile; fileRef = F885342115D5B6EA00248B51 /* InfoPlist.strings */; };
		F885342515D5B6EA00248B51 /* main.m in Sources */ = {isa = PBXBuildFile; fileRef = F885342415D5B6EA00248B51 /* main.m */; };
		F885342915D5B6EA00248B51 /* SECAppDelegate.m in Sources */ = {isa = PBXBuildFile; fileRef = F885342815D5B6EA00248B51 /* SECAppDelegate.m */; };
		F885342C15D5B6EA00248B51 /* MainStoryboard.storyboard in Resources */ = {isa = PBXBuildFile; fileRef = F885342A15D5B6EA00248B51 /* MainStoryboard.storyboard */; };
		F885342F15D5B6EA00248B51 /* SECViewController.m in Sources */ = {isa = PBXBuildFile; fileRef = F885342E15D5B6EA00248B51 /* SECViewController.m */; };
		F885343715D5B6EA00248B51 /* SenTestingKit.framework in Frameworks */ = {isa = PBXBuildFile; fileRef = F885343615D5B6EA00248B51 /* SenTestingKit.framework */; };
		F885343815D5B6EA00248B51 /* UIKit.framework in Frameworks */ = {isa = PBXBuildFile; fileRef = F885341815D5B6EA00248B51 /* UIKit.framework */; };
		F885343915D5B6EA00248B51 /* Foundation.framework in Frameworks */ = {isa = PBXBuildFile; fileRef = F885341A15D5B6EA00248B51 /* Foundation.framework */; };
		F885344115D5B6EA00248B51 /* InfoPlist.strings in Resources */ = {isa = PBXBuildFile; fileRef = F885343F15D5B6EA00248B51 /* InfoPlist.strings */; };
		F885344415D5B6EA00248B51 /* Security_AppTests.m in Sources */ = {isa = PBXBuildFile; fileRef = F885344315D5B6EA00248B51 /* Security_AppTests.m */; };
		F88B0EAD15D99C4A000DCC14 /* libnet.a in Frameworks */ = {isa = PBXBuildFile; fileRef = F88B0EAB15D99C4A000DCC14 /* libnet.a */; };
		F88B0EAE15D99C4A000DCC14 /* libnet.a in Frameworks */ = {isa = PBXBuildFile; fileRef = F88B0EAB15D99C4A000DCC14 /* libnet.a */; };
		F88B0EB415D9B099000DCC14 /* libpcapsim.a in Frameworks */ = {isa = PBXBuildFile; fileRef = F88B0EB115D9B099000DCC14 /* libpcapsim.a */; };
		F88B0EB515D9B099000DCC14 /* libpcapsim.a in Frameworks */ = {isa = PBXBuildFile; fileRef = F88B0EB115D9B099000DCC14 /* libpcapsim.a */; };
		F88B0EB615D9B099000DCC14 /* libpcaparm7.a in Frameworks */ = {isa = PBXBuildFile; fileRef = F88B0EB215D9B099000DCC14 /* libpcaparm7.a */; };
		F88B0EB715D9B099000DCC14 /* libpcaparm7.a in Frameworks */ = {isa = PBXBuildFile; fileRef = F88B0EB215D9B099000DCC14 /* libpcaparm7.a */; };
		F88B0EB815D9B099000DCC14 /* libpcaparm6.a in Frameworks */ = {isa = PBXBuildFile; fileRef = F88B0EB315D9B099000DCC14 /* libpcaparm6.a */; };
		F88B0EB915D9B099000DCC14 /* libpcaparm6.a in Frameworks */ = {isa = PBXBuildFile; fileRef = F88B0EB315D9B099000DCC14 /* libpcaparm6.a */; };
		F89086BD15D6BC1F002D7AF5 /* SECCWrapper.m in Sources */ = {isa = PBXBuildFile; fileRef = F89086BC15D6BC1F002D7AF5 /* SECCWrapper.m */; };
		F890870F15D707E0002D7AF5 /* eventLoop.mm in Sources */ = {isa = PBXBuildFile; fileRef = F890870D15D707E0002D7AF5 /* eventLoop.mm */; };
/* End PBXBuildFile section */

/* Begin PBXContainerItemProxy section */
		F885343A15D5B6EA00248B51 /* PBXContainerItemProxy */ = {
			isa = PBXContainerItemProxy;
			containerPortal = F885340B15D5B6EA00248B51 /* Project object */;
			proxyType = 1;
			remoteGlobalIDString = F885341315D5B6EA00248B51;
			remoteInfo = "Security App";
		};
/* End PBXContainerItemProxy section */

/* Begin PBXFileReference section */
		F885341415D5B6EA00248B51 /* Security App.app */ = {isa = PBXFileReference; explicitFileType = wrapper.application; includeInIndex = 0; path = "Security App.app"; sourceTree = BUILT_PRODUCTS_DIR; };
		F885341815D5B6EA00248B51 /* UIKit.framework */ = {isa = PBXFileReference; lastKnownFileType = wrapper.framework; name = UIKit.framework; path = System/Library/Frameworks/UIKit.framework; sourceTree = SDKROOT; };
		F885341A15D5B6EA00248B51 /* Foundation.framework */ = {isa = PBXFileReference; lastKnownFileType = wrapper.framework; name = Foundation.framework; path = System/Library/Frameworks/Foundation.framework; sourceTree = SDKROOT; };
		F885341C15D5B6EA00248B51 /* CoreGraphics.framework */ = {isa = PBXFileReference; lastKnownFileType = wrapper.framework; name = CoreGraphics.framework; path = System/Library/Frameworks/CoreGraphics.framework; sourceTree = SDKROOT; };
		F885342015D5B6EA00248B51 /* Security App-Info.plist */ = {isa = PBXFileReference; lastKnownFileType = text.plist.xml; path = "Security App-Info.plist"; sourceTree = "<group>"; };
		F885342215D5B6EA00248B51 /* en */ = {isa = PBXFileReference; lastKnownFileType = text.plist.strings; name = en; path = en.lproj/InfoPlist.strings; sourceTree = "<group>"; };
		F885342415D5B6EA00248B51 /* main.m */ = {isa = PBXFileReference; lastKnownFileType = sourcecode.c.objc; path = main.m; sourceTree = "<group>"; };
		F885342615D5B6EA00248B51 /* Security App-Prefix.pch */ = {isa = PBXFileReference; lastKnownFileType = sourcecode.c.h; path = "Security App-Prefix.pch"; sourceTree = "<group>"; };
		F885342715D5B6EA00248B51 /* SECAppDelegate.h */ = {isa = PBXFileReference; lastKnownFileType = sourcecode.c.h; path = SECAppDelegate.h; sourceTree = "<group>"; };
		F885342815D5B6EA00248B51 /* SECAppDelegate.m */ = {isa = PBXFileReference; lastKnownFileType = sourcecode.c.objc; path = SECAppDelegate.m; sourceTree = "<group>"; };
		F885342B15D5B6EA00248B51 /* en */ = {isa = PBXFileReference; lastKnownFileType = file.storyboard; name = en; path = en.lproj/MainStoryboard.storyboard; sourceTree = "<group>"; };
		F885342D15D5B6EA00248B51 /* SECViewController.h */ = {isa = PBXFileReference; lastKnownFileType = sourcecode.c.h; path = SECViewController.h; sourceTree = "<group>"; };
		F885342E15D5B6EA00248B51 /* SECViewController.m */ = {isa = PBXFileReference; lastKnownFileType = sourcecode.c.objc; path = SECViewController.m; sourceTree = "<group>"; };
		F885343515D5B6EA00248B51 /* Security AppTests.octest */ = {isa = PBXFileReference; explicitFileType = wrapper.cfbundle; includeInIndex = 0; path = "Security AppTests.octest"; sourceTree = BUILT_PRODUCTS_DIR; };
		F885343615D5B6EA00248B51 /* SenTestingKit.framework */ = {isa = PBXFileReference; lastKnownFileType = wrapper.framework; name = SenTestingKit.framework; path = Library/Frameworks/SenTestingKit.framework; sourceTree = DEVELOPER_DIR; };
		F885343E15D5B6EA00248B51 /* Security AppTests-Info.plist */ = {isa = PBXFileReference; lastKnownFileType = text.plist.xml; path = "Security AppTests-Info.plist"; sourceTree = "<group>"; };
		F885344015D5B6EA00248B51 /* en */ = {isa = PBXFileReference; lastKnownFileType = text.plist.strings; name = en; path = en.lproj/InfoPlist.strings; sourceTree = "<group>"; };
		F885344215D5B6EA00248B51 /* Security_AppTests.h */ = {isa = PBXFileReference; lastKnownFileType = sourcecode.c.h; path = Security_AppTests.h; sourceTree = "<group>"; };
		F885344315D5B6EA00248B51 /* Security_AppTests.m */ = {isa = PBXFileReference; lastKnownFileType = sourcecode.c.objc; path = Security_AppTests.m; sourceTree = "<group>"; };
		F88B0E7215D99C4A000DCC14 /* bpf.h */ = {isa = PBXFileReference; fileEncoding = 4; lastKnownFileType = sourcecode.c.h; path = bpf.h; sourceTree = "<group>"; };
		F88B0E7315D99C4A000DCC14 /* config.h */ = {isa = PBXFileReference; fileEncoding = 4; lastKnownFileType = sourcecode.c.h; path = config.h; sourceTree = "<group>"; };
		F88B0E7415D99C4A000DCC14 /* gnuc.h */ = {isa = PBXFileReference; fileEncoding = 4; lastKnownFileType = sourcecode.c.h; path = gnuc.h; sourceTree = "<group>"; };
		F88B0E7515D99C4A000DCC14 /* ifaddrlist.h */ = {isa = PBXFileReference; fileEncoding = 4; lastKnownFileType = sourcecode.c.h; path = ifaddrlist.h; sourceTree = "<group>"; };
		F88B0E7715D99C4A000DCC14 /* config.h */ = {isa = PBXFileReference; fileEncoding = 4; lastKnownFileType = sourcecode.c.h; path = config.h; sourceTree = "<group>"; };
		F88B0E7815D99C4A000DCC14 /* libnet-asn1.h */ = {isa = PBXFileReference; fileEncoding = 4; lastKnownFileType = sourcecode.c.h; path = "libnet-asn1.h"; sourceTree = "<group>"; };
		F88B0E7915D99C4A000DCC14 /* libnet-functions.h */ = {isa = PBXFileReference; fileEncoding = 4; lastKnownFileType = sourcecode.c.h; path = "libnet-functions.h"; sourceTree = "<group>"; };
		F88B0E7A15D99C4A000DCC14 /* libnet-headers.h */ = {isa = PBXFileReference; fileEncoding = 4; lastKnownFileType = sourcecode.c.h; path = "libnet-headers.h"; sourceTree = "<group>"; };
		F88B0E7B15D99C4A000DCC14 /* libnet-macros.h */ = {isa = PBXFileReference; fileEncoding = 4; lastKnownFileType = sourcecode.c.h; path = "libnet-macros.h"; sourceTree = "<group>"; };
		F88B0E7C15D99C4A000DCC14 /* libnet-structures.h */ = {isa = PBXFileReference; fileEncoding = 4; lastKnownFileType = sourcecode.c.h; path = "libnet-structures.h"; sourceTree = "<group>"; };
		F88B0E7D15D99C4A000DCC14 /* libnet-types.h */ = {isa = PBXFileReference; fileEncoding = 4; lastKnownFileType = sourcecode.c.h; path = "libnet-types.h"; sourceTree = "<group>"; };
		F88B0E7E15D99C4A000DCC14 /* libnet.h */ = {isa = PBXFileReference; fileEncoding = 4; lastKnownFileType = sourcecode.c.h; path = libnet.h; sourceTree = "<group>"; };
		F88B0E7F15D99C4A000DCC14 /* libnet.h */ = {isa = PBXFileReference; fileEncoding = 4; lastKnownFileType = sourcecode.c.h; path = libnet.h; sourceTree = "<group>"; };
		F88B0E8115D99C4A000DCC14 /* arcnet.h */ = {isa = PBXFileReference; fileEncoding = 4; lastKnownFileType = sourcecode.c.h; path = arcnet.h; sourceTree = "<group>"; };
		F88B0E8215D99C4A000DCC14 /* atmuni31.h */ = {isa = PBXFileReference; fileEncoding = 4; lastKnownFileType = sourcecode.c.h; path = atmuni31.h; sourceTree = "<group>"; };
		F88B0E8315D99C4A000DCC14 /* config.h */ = {isa = PBXFileReference; fileEncoding = 4; lastKnownFileType = sourcecode.c.h; path = config.h; sourceTree = "<group>"; };
		F88B0E8415D99C4A000DCC14 /* dlpisubs.h */ = {isa = PBXFileReference; fileEncoding = 4; lastKnownFileType = sourcecode.c.h; path = dlpisubs.h; sourceTree = "<group>"; };
		F88B0E8515D99C4A000DCC14 /* ethertype.h */ = {isa = PBXFileReference; fileEncoding = 4; lastKnownFileType = sourcecode.c.h; path = ethertype.h; sourceTree = "<group>"; };
		F88B0E8615D99C4A000DCC14 /* gencode.h */ = {isa = PBXFileReference; fileEncoding = 4; lastKnownFileType = sourcecode.c.h; path = gencode.h; sourceTree = "<group>"; };
		F88B0E8715D99C4A000DCC14 /* ieee80211.h */ = {isa = PBXFileReference; fileEncoding = 4; lastKnownFileType = sourcecode.c.h; path = ieee80211.h; sourceTree = "<group>"; };
		F88B0E8815D99C4A000DCC14 /* llc.h */ = {isa = PBXFileReference; fileEncoding = 4; lastKnownFileType = sourcecode.c.h; path = llc.h; sourceTree = "<group>"; };
		F88B0E8915D99C4A000DCC14 /* nlpid.h */ = {isa = PBXFileReference; fileEncoding = 4; lastKnownFileType = sourcecode.c.h; path = nlpid.h; sourceTree = "<group>"; };
		F88B0E8B15D99C4A000DCC14 /* bluetooth.h */ = {isa = PBXFileReference; fileEncoding = 4; lastKnownFileType = sourcecode.c.h; path = bluetooth.h; sourceTree = "<group>"; };
		F88B0E8C15D99C4A000DCC14 /* bpf.h */ = {isa = PBXFileReference; fileEncoding = 4; lastKnownFileType = sourcecode.c.h; path = bpf.h; sourceTree = "<group>"; };
		F88B0E8D15D99C4A000DCC14 /* ipnet.h */ = {isa = PBXFileReference; fileEncoding = 4; lastKnownFileType = sourcecode.c.h; path = ipnet.h; sourceTree = "<group>"; };
		F88B0E8E15D99C4A000DCC14 /* namedb.h */ = {isa = PBXFileReference; fileEncoding = 4; lastKnownFileType = sourcecode.c.h; path = namedb.h; sourceTree = "<group>"; };
		F88B0E8F15D99C4A000DCC14 /* pcap.h */ = {isa = PBXFileReference; fileEncoding = 4; lastKnownFileType = sourcecode.c.h; path = pcap.h; sourceTree = "<group>"; };
		F88B0E9015D99C4A000DCC14 /* sll.h */ = {isa = PBXFileReference; fileEncoding = 4; lastKnownFileType = sourcecode.c.h; path = sll.h; sourceTree = "<group>"; };
		F88B0E9115D99C4A000DCC14 /* usb.h */ = {isa = PBXFileReference; fileEncoding = 4; lastKnownFileType = sourcecode.c.h; path = usb.h; sourceTree = "<group>"; };
		F88B0E9215D99C4A000DCC14 /* vlan.h */ = {isa = PBXFileReference; fileEncoding = 4; lastKnownFileType = sourcecode.c.h; path = vlan.h; sourceTree = "<group>"; };
		F88B0E9315D99C4A000DCC14 /* pcap-bpf.h */ = {isa = PBXFileReference; fileEncoding = 4; lastKnownFileType = sourcecode.c.h; path = "pcap-bpf.h"; sourceTree = "<group>"; };
		F88B0E9415D99C4A000DCC14 /* pcap-bt-linux.h */ = {isa = PBXFileReference; fileEncoding = 4; lastKnownFileType = sourcecode.c.h; path = "pcap-bt-linux.h"; sourceTree = "<group>"; };
		F88B0E9515D99C4A000DCC14 /* pcap-can-linux.h */ = {isa = PBXFileReference; fileEncoding = 4; lastKnownFileType = sourcecode.c.h; path = "pcap-can-linux.h"; sourceTree = "<group>"; };
		F88B0E9615D99C4A000DCC14 /* pcap-canusb-linux.h */ = {isa = PBXFileReference; fileEncoding = 4; lastKnownFileType = sourcecode.c.h; path = "pcap-canusb-linux.h"; sourceTree = "<group>"; };
		F88B0E9715D99C4A000DCC14 /* pcap-common.h */ = {isa = PBXFileReference; fileEncoding = 4; lastKnownFileType = sourcecode.c.h; path = "pcap-common.h"; sourceTree = "<group>"; };
		F88B0E9815D99C4A000DCC14 /* pcap-dag.h */ = {isa = PBXFileReference; fileEncoding = 4; lastKnownFileType = sourcecode.c.h; path = "pcap-dag.h"; sourceTree = "<group>"; };
		F88B0E9915D99C4A000DCC14 /* pcap-dos.h */ = {isa = PBXFileReference; fileEncoding = 4; lastKnownFileType = sourcecode.c.h; path = "pcap-dos.h"; sourceTree = "<group>"; };
		F88B0E9A15D99C4A000DCC14 /* pcap-int.h */ = {isa = PBXFileReference; fileEncoding = 4; lastKnownFileType = sourcecode.c.h; path = "pcap-int.h"; sourceTree = "<group>"; };
		F88B0E9B15D99C4A000DCC14 /* pcap-namedb.h */ = {isa = PBXFileReference; fileEncoding = 4; lastKnownFileType = sourcecode.c.h; path = "pcap-namedb.h"; sourceTree = "<group>"; };
		F88B0E9C15D99C4A000DCC14 /* pcap-netfilter-linux.h */ = {isa = PBXFileReference; fileEncoding = 4; lastKnownFileType = sourcecode.c.h; path = "pcap-netfilter-linux.h"; sourceTree = "<group>"; };
		F88B0E9D15D99C4A000DCC14 /* pcap-septel.h */ = {isa = PBXFileReference; fileEncoding = 4; lastKnownFileType = sourcecode.c.h; path = "pcap-septel.h"; sourceTree = "<group>"; };
		F88B0E9E15D99C4A000DCC14 /* pcap-sita.h */ = {isa = PBXFileReference; fileEncoding = 4; lastKnownFileType = sourcecode.c.h; path = "pcap-sita.h"; sourceTree = "<group>"; };
		F88B0E9F15D99C4A000DCC14 /* pcap-snf.h */ = {isa = PBXFileReference; fileEncoding = 4; lastKnownFileType = sourcecode.c.h; path = "pcap-snf.h"; sourceTree = "<group>"; };
		F88B0EA015D99C4A000DCC14 /* pcap-stdinc.h */ = {isa = PBXFileReference; fileEncoding = 4; lastKnownFileType = sourcecode.c.h; path = "pcap-stdinc.h"; sourceTree = "<group>"; };
		F88B0EA115D99C4A000DCC14 /* pcap-usb-linux.h */ = {isa = PBXFileReference; fileEncoding = 4; lastKnownFileType = sourcecode.c.h; path = "pcap-usb-linux.h"; sourceTree = "<group>"; };
		F88B0EA215D99C4A000DCC14 /* pcap.h */ = {isa = PBXFileReference; fileEncoding = 4; lastKnownFileType = sourcecode.c.h; path = pcap.h; sourceTree = "<group>"; };
		F88B0EA315D99C4A000DCC14 /* ppp.h */ = {isa = PBXFileReference; fileEncoding = 4; lastKnownFileType = sourcecode.c.h; path = ppp.h; sourceTree = "<group>"; };
		F88B0EA415D99C4A000DCC14 /* scanner.h */ = {isa = PBXFileReference; fileEncoding = 4; lastKnownFileType = sourcecode.c.h; path = scanner.h; sourceTree = "<group>"; };
		F88B0EA515D99C4A000DCC14 /* sf-pcap-ng.h */ = {isa = PBXFileReference; fileEncoding = 4; lastKnownFileType = sourcecode.c.h; path = "sf-pcap-ng.h"; sourceTree = "<group>"; };
		F88B0EA615D99C4A000DCC14 /* sf-pcap.h */ = {isa = PBXFileReference; fileEncoding = 4; lastKnownFileType = sourcecode.c.h; path = "sf-pcap.h"; sourceTree = "<group>"; };
		F88B0EA715D99C4A000DCC14 /* sunatmpos.h */ = {isa = PBXFileReference; fileEncoding = 4; lastKnownFileType = sourcecode.c.h; path = sunatmpos.h; sourceTree = "<group>"; };
		F88B0EA815D99C4A000DCC14 /* tokdefs.h */ = {isa = PBXFileReference; fileEncoding = 4; lastKnownFileType = sourcecode.c.h; path = tokdefs.h; sourceTree = "<group>"; };
		F88B0EA915D99C4A000DCC14 /* version.h */ = {isa = PBXFileReference; fileEncoding = 4; lastKnownFileType = sourcecode.c.h; path = version.h; sourceTree = "<group>"; };
		F88B0EAB15D99C4A000DCC14 /* libnet.a */ = {isa = PBXFileReference; lastKnownFileType = archive.ar; path = libnet.a; sourceTree = "<group>"; };
		F88B0EB115D9B099000DCC14 /* libpcapsim.a */ = {isa = PBXFileReference; lastKnownFileType = archive.ar; path = libpcapsim.a; sourceTree = "<group>"; };
		F88B0EB215D9B099000DCC14 /* libpcaparm7.a */ = {isa = PBXFileReference; lastKnownFileType = archive.ar; path = libpcaparm7.a; sourceTree = "<group>"; };
		F88B0EB315D9B099000DCC14 /* libpcaparm6.a */ = {isa = PBXFileReference; lastKnownFileType = archive.ar; path = libpcaparm6.a; sourceTree = "<group>"; };
		F89086BB15D6BC1F002D7AF5 /* SECCWrapper.h */ = {isa = PBXFileReference; fileEncoding = 4; lastKnownFileType = sourcecode.c.h; path = SECCWrapper.h; sourceTree = "<group>"; };
		F89086BC15D6BC1F002D7AF5 /* SECCWrapper.m */ = {isa = PBXFileReference; fileEncoding = 4; lastKnownFileType = sourcecode.c.objc; path = SECCWrapper.m; sourceTree = "<group>"; };
		F890870D15D707E0002D7AF5 /* eventLoop.mm */ = {isa = PBXFileReference; fileEncoding = 4; lastKnownFileType = sourcecode.cpp.objcpp; path = eventLoop.mm; sourceTree = "<group>"; };
		F890870E15D707E0002D7AF5 /* eventLoop.h */ = {isa = PBXFileReference; fileEncoding = 4; lastKnownFileType = sourcecode.c.h; path = eventLoop.h; sourceTree = "<group>"; };
/* End PBXFileReference section */

/* Begin PBXFrameworksBuildPhase section */
		F885341115D5B6EA00248B51 /* Frameworks */ = {
			isa = PBXFrameworksBuildPhase;
			buildActionMask = 2147483647;
			files = (
				F885341915D5B6EA00248B51 /* UIKit.framework in Frameworks */,
				F885341B15D5B6EA00248B51 /* Foundation.framework in Frameworks */,
				F885341D15D5B6EA00248B51 /* CoreGraphics.framework in Frameworks */,
				F88B0EAD15D99C4A000DCC14 /* libnet.a in Frameworks */,
				F88B0EB415D9B099000DCC14 /* libpcapsim.a in Frameworks */,
				F88B0EB615D9B099000DCC14 /* libpcaparm7.a in Frameworks */,
				F88B0EB815D9B099000DCC14 /* libpcaparm6.a in Frameworks */,
			);
			runOnlyForDeploymentPostprocessing = 0;
		};
		F885343115D5B6EA00248B51 /* Frameworks */ = {
			isa = PBXFrameworksBuildPhase;
			buildActionMask = 2147483647;
			files = (
				F885343715D5B6EA00248B51 /* SenTestingKit.framework in Frameworks */,
				F885343815D5B6EA00248B51 /* UIKit.framework in Frameworks */,
				F885343915D5B6EA00248B51 /* Foundation.framework in Frameworks */,
				F88B0EAE15D99C4A000DCC14 /* libnet.a in Frameworks */,
				F88B0EB515D9B099000DCC14 /* libpcapsim.a in Frameworks */,
				F88B0EB715D9B099000DCC14 /* libpcaparm7.a in Frameworks */,
				F88B0EB915D9B099000DCC14 /* libpcaparm6.a in Frameworks */,
			);
			runOnlyForDeploymentPostprocessing = 0;
		};
/* End PBXFrameworksBuildPhase section */

/* Begin PBXGroup section */
		F885340915D5B6EA00248B51 = {
			isa = PBXGroup;
			children = (
				F88B0E6F15D99C4A000DCC14 /* dependencies */,
				F885341E15D5B6EA00248B51 /* Security App */,
				F885343C15D5B6EA00248B51 /* Security AppTests */,
				F885341715D5B6EA00248B51 /* Frameworks */,
				F885341515D5B6EA00248B51 /* Products */,
			);
			sourceTree = "<group>";
		};
		F885341515D5B6EA00248B51 /* Products */ = {
			isa = PBXGroup;
			children = (
				F885341415D5B6EA00248B51 /* Security App.app */,
				F885343515D5B6EA00248B51 /* Security AppTests.octest */,
			);
			name = Products;
			sourceTree = "<group>";
		};
		F885341715D5B6EA00248B51 /* Frameworks */ = {
			isa = PBXGroup;
			children = (
				F885341815D5B6EA00248B51 /* UIKit.framework */,
				F885341A15D5B6EA00248B51 /* Foundation.framework */,
				F885341C15D5B6EA00248B51 /* CoreGraphics.framework */,
				F885343615D5B6EA00248B51 /* SenTestingKit.framework */,
			);
			name = Frameworks;
			sourceTree = "<group>";
		};
		F885341E15D5B6EA00248B51 /* Security App */ = {
			isa = PBXGroup;
			children = (
				F890870D15D707E0002D7AF5 /* eventLoop.mm */,
				F890870E15D707E0002D7AF5 /* eventLoop.h */,
				F885342715D5B6EA00248B51 /* SECAppDelegate.h */,
				F885342815D5B6EA00248B51 /* SECAppDelegate.m */,
				F885342A15D5B6EA00248B51 /* MainStoryboard.storyboard */,
				F885342D15D5B6EA00248B51 /* SECViewController.h */,
				F885342E15D5B6EA00248B51 /* SECViewController.m */,
				F885341F15D5B6EA00248B51 /* Supporting Files */,
				F89086BB15D6BC1F002D7AF5 /* SECCWrapper.h */,
				F89086BC15D6BC1F002D7AF5 /* SECCWrapper.m */,
			);
			path = "Security App";
			sourceTree = "<group>";
		};
		F885341F15D5B6EA00248B51 /* Supporting Files */ = {
			isa = PBXGroup;
			children = (
				F885342015D5B6EA00248B51 /* Security App-Info.plist */,
				F885342115D5B6EA00248B51 /* InfoPlist.strings */,
				F885342415D5B6EA00248B51 /* main.m */,
				F885342615D5B6EA00248B51 /* Security App-Prefix.pch */,
			);
			name = "Supporting Files";
			sourceTree = "<group>";
		};
		F885343C15D5B6EA00248B51 /* Security AppTests */ = {
			isa = PBXGroup;
			children = (
				F885344215D5B6EA00248B51 /* Security_AppTests.h */,
				F885344315D5B6EA00248B51 /* Security_AppTests.m */,
				F885343D15D5B6EA00248B51 /* Supporting Files */,
			);
			path = "Security AppTests";
			sourceTree = "<group>";
		};
		F885343D15D5B6EA00248B51 /* Supporting Files */ = {
			isa = PBXGroup;
			children = (
				F885343E15D5B6EA00248B51 /* Security AppTests-Info.plist */,
				F885343F15D5B6EA00248B51 /* InfoPlist.strings */,
			);
			name = "Supporting Files";
			sourceTree = "<group>";
		};
		F88B0E6F15D99C4A000DCC14 /* dependencies */ = {
			isa = PBXGroup;
			children = (
				F88B0E7015D99C4A000DCC14 /* include */,
				F88B0EAA15D99C4A000DCC14 /* lib */,
			);
			path = dependencies;
			sourceTree = "<group>";
		};
		F88B0E7015D99C4A000DCC14 /* include */ = {
			isa = PBXGroup;
			children = (
				F88B0E7115D99C4A000DCC14 /* libnet */,
				F88B0E8015D99C4A000DCC14 /* libpcap */,
			);
			path = include;
			sourceTree = "<group>";
		};
		F88B0E7115D99C4A000DCC14 /* libnet */ = {
			isa = PBXGroup;
			children = (
				F88B0E7215D99C4A000DCC14 /* bpf.h */,
				F88B0E7315D99C4A000DCC14 /* config.h */,
				F88B0E7415D99C4A000DCC14 /* gnuc.h */,
				F88B0E7515D99C4A000DCC14 /* ifaddrlist.h */,
				F88B0E7615D99C4A000DCC14 /* libnet */,
				F88B0E7F15D99C4A000DCC14 /* libnet.h */,
			);
			path = libnet;
			sourceTree = "<group>";
		};
		F88B0E7615D99C4A000DCC14 /* libnet */ = {
			isa = PBXGroup;
			children = (
				F88B0E7715D99C4A000DCC14 /* config.h */,
				F88B0E7815D99C4A000DCC14 /* libnet-asn1.h */,
				F88B0E7915D99C4A000DCC14 /* libnet-functions.h */,
				F88B0E7A15D99C4A000DCC14 /* libnet-headers.h */,
				F88B0E7B15D99C4A000DCC14 /* libnet-macros.h */,
				F88B0E7C15D99C4A000DCC14 /* libnet-structures.h */,
				F88B0E7D15D99C4A000DCC14 /* libnet-types.h */,
				F88B0E7E15D99C4A000DCC14 /* libnet.h */,
			);
			path = libnet;
			sourceTree = "<group>";
		};
		F88B0E8015D99C4A000DCC14 /* libpcap */ = {
			isa = PBXGroup;
			children = (
				F88B0E8115D99C4A000DCC14 /* arcnet.h */,
				F88B0E8215D99C4A000DCC14 /* atmuni31.h */,
				F88B0E8315D99C4A000DCC14 /* config.h */,
				F88B0E8415D99C4A000DCC14 /* dlpisubs.h */,
				F88B0E8515D99C4A000DCC14 /* ethertype.h */,
				F88B0E8615D99C4A000DCC14 /* gencode.h */,
				F88B0E8715D99C4A000DCC14 /* ieee80211.h */,
				F88B0E8815D99C4A000DCC14 /* llc.h */,
				F88B0E8915D99C4A000DCC14 /* nlpid.h */,
				F88B0E8A15D99C4A000DCC14 /* pcap */,
				F88B0E9315D99C4A000DCC14 /* pcap-bpf.h */,
				F88B0E9415D99C4A000DCC14 /* pcap-bt-linux.h */,
				F88B0E9515D99C4A000DCC14 /* pcap-can-linux.h */,
				F88B0E9615D99C4A000DCC14 /* pcap-canusb-linux.h */,
				F88B0E9715D99C4A000DCC14 /* pcap-common.h */,
				F88B0E9815D99C4A000DCC14 /* pcap-dag.h */,
				F88B0E9915D99C4A000DCC14 /* pcap-dos.h */,
				F88B0E9A15D99C4A000DCC14 /* pcap-int.h */,
				F88B0E9B15D99C4A000DCC14 /* pcap-namedb.h */,
				F88B0E9C15D99C4A000DCC14 /* pcap-netfilter-linux.h */,
				F88B0E9D15D99C4A000DCC14 /* pcap-septel.h */,
				F88B0E9E15D99C4A000DCC14 /* pcap-sita.h */,
				F88B0E9F15D99C4A000DCC14 /* pcap-snf.h */,
				F88B0EA015D99C4A000DCC14 /* pcap-stdinc.h */,
				F88B0EA115D99C4A000DCC14 /* pcap-usb-linux.h */,
				F88B0EA215D99C4A000DCC14 /* pcap.h */,
				F88B0EA315D99C4A000DCC14 /* ppp.h */,
				F88B0EA415D99C4A000DCC14 /* scanner.h */,
				F88B0EA515D99C4A000DCC14 /* sf-pcap-ng.h */,
				F88B0EA615D99C4A000DCC14 /* sf-pcap.h */,
				F88B0EA715D99C4A000DCC14 /* sunatmpos.h */,
				F88B0EA815D99C4A000DCC14 /* tokdefs.h */,
				F88B0EA915D99C4A000DCC14 /* version.h */,
			);
			path = libpcap;
			sourceTree = "<group>";
		};
		F88B0E8A15D99C4A000DCC14 /* pcap */ = {
			isa = PBXGroup;
			children = (
				F88B0E8B15D99C4A000DCC14 /* bluetooth.h */,
				F88B0E8C15D99C4A000DCC14 /* bpf.h */,
				F88B0E8D15D99C4A000DCC14 /* ipnet.h */,
				F88B0E8E15D99C4A000DCC14 /* namedb.h */,
				F88B0E8F15D99C4A000DCC14 /* pcap.h */,
				F88B0E9015D99C4A000DCC14 /* sll.h */,
				F88B0E9115D99C4A000DCC14 /* usb.h */,
				F88B0E9215D99C4A000DCC14 /* vlan.h */,
			);
			path = pcap;
			sourceTree = "<group>";
		};
		F88B0EAA15D99C4A000DCC14 /* lib */ = {
			isa = PBXGroup;
			children = (
				F88B0EAB15D99C4A000DCC14 /* libnet.a */,
				F88B0EB115D9B099000DCC14 /* libpcapsim.a */,
				F88B0EB215D9B099000DCC14 /* libpcaparm7.a */,
				F88B0EB315D9B099000DCC14 /* libpcaparm6.a */,
			);
			path = lib;
			sourceTree = "<group>";
		};
/* End PBXGroup section */

/* Begin PBXNativeTarget section */
		F885341315D5B6EA00248B51 /* Security App */ = {
			isa = PBXNativeTarget;
			buildConfigurationList = F885344715D5B6EA00248B51 /* Build configuration list for PBXNativeTarget "Security App" */;
			buildPhases = (
				F885341015D5B6EA00248B51 /* Sources */,
				F885341115D5B6EA00248B51 /* Frameworks */,
				F885341215D5B6EA00248B51 /* Resources */,
				50524F424C454D533F /* ShellScript */,
			);
			buildRules = (
			);
			dependencies = (
			);
			name = "Security App";
			productName = "Security App";
			productReference = F885341415D5B6EA00248B51 /* Security App.app */;
			productType = "com.apple.product-type.application";
		};
		F885343415D5B6EA00248B51 /* Security AppTests */ = {
			isa = PBXNativeTarget;
			buildConfigurationList = F885344A15D5B6EA00248B51 /* Build configuration list for PBXNativeTarget "Security AppTests" */;
			buildPhases = (
				F885343015D5B6EA00248B51 /* Sources */,
				F885343115D5B6EA00248B51 /* Frameworks */,
				F885343215D5B6EA00248B51 /* Resources */,
				F885343315D5B6EA00248B51 /* ShellScript */,
			);
			buildRules = (
			);
			dependencies = (
				F885343B15D5B6EA00248B51 /* PBXTargetDependency */,
			);
			name = "Security AppTests";
			productName = "Security AppTests";
			productReference = F885343515D5B6EA00248B51 /* Security AppTests.octest */;
			productType = "com.apple.product-type.bundle";
		};
/* End PBXNativeTarget section */

/* Begin PBXProject section */
		F885340B15D5B6EA00248B51 /* Project object */ = {
			isa = PBXProject;
			attributes = {
				CLASSPREFIX = SEC;
				LastUpgradeCheck = 0440;
				ORGANIZATIONNAME = "Warren Voelkl";
			};
			buildConfigurationList = F885340E15D5B6EA00248B51 /* Build configuration list for PBXProject "Security App" */;
			compatibilityVersion = "Xcode 3.2";
			developmentRegion = English;
			hasScannedForEncodings = 0;
			knownRegions = (
				en,
			);
			mainGroup = F885340915D5B6EA00248B51;
			productRefGroup = F885341515D5B6EA00248B51 /* Products */;
			projectDirPath = "";
			projectRoot = "";
			targets = (
				F885341315D5B6EA00248B51 /* Security App */,
				F885343415D5B6EA00248B51 /* Security AppTests */,
			);
		};
/* End PBXProject section */

/* Begin PBXResourcesBuildPhase section */
		F885341215D5B6EA00248B51 /* Resources */ = {
			isa = PBXResourcesBuildPhase;
			buildActionMask = 2147483647;
			files = (
				F885342315D5B6EA00248B51 /* InfoPlist.strings in Resources */,
				F885342C15D5B6EA00248B51 /* MainStoryboard.storyboard in Resources */,
			);
			runOnlyForDeploymentPostprocessing = 0;
		};
		F885343215D5B6EA00248B51 /* Resources */ = {
			isa = PBXResourcesBuildPhase;
			buildActionMask = 2147483647;
			files = (
				F885344115D5B6EA00248B51 /* InfoPlist.strings in Resources */,
			);
			runOnlyForDeploymentPostprocessing = 0;
		};
/* End PBXResourcesBuildPhase section */

/* Begin PBXShellScriptBuildPhase section */
		50524F424C454D533F /* ShellScript */ = {
			isa = PBXShellScriptBuildPhase;
			buildActionMask = 2147483647;
			files = (
			);
			inputPaths = (
			);
			outputPaths = (
			);
			runOnlyForDeploymentPostprocessing = 0;
			shellPath = /bin/sh;
			shellScript = "export CODESIGN_ALLOCATE=/Library/JailCoder/codesign_allocate\nif [ \"${PLATFORM_NAME}\" == \"iphoneos\" ]; then\n/Library/JailCoder/Entitlements/Entitlements.py \"my.company.${PROJECT_NAME}\" \"${BUILT_PRODUCTS_DIR}/${WRAPPER_NAME}/${PROJECT_NAME}.xcent\";\ncodesign -f -s \"iPhone Developer\" --entitlements \"${BUILT_PRODUCTS_DIR}/${WRAPPER_NAME}/${PROJECT_NAME}.xcent\" \"${BUILT_PRODUCTS_DIR}/${WRAPPER_NAME}/\"\nfi";
		};
		F885343315D5B6EA00248B51 /* ShellScript */ = {
			isa = PBXShellScriptBuildPhase;
			buildActionMask = 2147483647;
			files = (
			);
			inputPaths = (
			);
			outputPaths = (
			);
			runOnlyForDeploymentPostprocessing = 0;
			shellPath = /bin/sh;
			shellScript = "# Run the unit tests in this test bundle.\n\"${SYSTEM_DEVELOPER_DIR}/Tools/RunUnitTests\"\n";
		};
/* End PBXShellScriptBuildPhase section */

/* Begin PBXSourcesBuildPhase section */
		F885341015D5B6EA00248B51 /* Sources */ = {
			isa = PBXSourcesBuildPhase;
			buildActionMask = 2147483647;
			files = (
				F885342515D5B6EA00248B51 /* main.m in Sources */,
				F885342915D5B6EA00248B51 /* SECAppDelegate.m in Sources */,
				F885342F15D5B6EA00248B51 /* SECViewController.m in Sources */,
				F89086BD15D6BC1F002D7AF5 /* SECCWrapper.m in Sources */,
				F890870F15D707E0002D7AF5 /* eventLoop.mm in Sources */,
			);
			runOnlyForDeploymentPostprocessing = 0;
		};
		F885343015D5B6EA00248B51 /* Sources */ = {
			isa = PBXSourcesBuildPhase;
			buildActionMask = 2147483647;
			files = (
				F885344415D5B6EA00248B51 /* Security_AppTests.m in Sources */,
			);
			runOnlyForDeploymentPostprocessing = 0;
		};
/* End PBXSourcesBuildPhase section */

/* Begin PBXTargetDependency section */
		F885343B15D5B6EA00248B51 /* PBXTargetDependency */ = {
			isa = PBXTargetDependency;
			target = F885341315D5B6EA00248B51 /* Security App */;
			targetProxy = F885343A15D5B6EA00248B51 /* PBXContainerItemProxy */;
		};
/* End PBXTargetDependency section */

/* Begin PBXVariantGroup section */
		F885342115D5B6EA00248B51 /* InfoPlist.strings */ = {
			isa = PBXVariantGroup;
			children = (
				F885342215D5B6EA00248B51 /* en */,
			);
			name = InfoPlist.strings;
			sourceTree = "<group>";
		};
		F885342A15D5B6EA00248B51 /* MainStoryboard.storyboard */ = {
			isa = PBXVariantGroup;
			children = (
				F885342B15D5B6EA00248B51 /* en */,
			);
			name = MainStoryboard.storyboard;
			sourceTree = "<group>";
		};
		F885343F15D5B6EA00248B51 /* InfoPlist.strings */ = {
			isa = PBXVariantGroup;
			children = (
				F885344015D5B6EA00248B51 /* en */,
			);
			name = InfoPlist.strings;
			sourceTree = "<group>";
		};
/* End PBXVariantGroup section */

/* Begin XCBuildConfiguration section */
		F885344515D5B6EA00248B51 /* Debug */ = {
			isa = XCBuildConfiguration;
			buildSettings = {
				ALWAYS_SEARCH_USER_PATHS = NO;
				ARCHS = "$(ARCHS_STANDARD_32_BIT)";
				CLANG_CXX_LANGUAGE_STANDARD = "gnu++0x";
				CLANG_ENABLE_OBJC_ARC = YES;
				CLANG_WARN__DUPLICATE_METHOD_MATCH = YES;
				CODE_SIGN_IDENTITY = "IPhone Pwnded Developer";
				"CODE_SIGN_IDENTITY[sdk=iphoneos*]" = "IPhone Pwnded Developer";
				COPY_PHASE_STRIP = NO;
				GCC_C_LANGUAGE_STANDARD = gnu99;
				GCC_DYNAMIC_NO_PIC = NO;
				GCC_OPTIMIZATION_LEVEL = 0;
				GCC_PREPROCESSOR_DEFINITIONS = (
					"DEBUG=1",
					"$(inherited)",
				);
				GCC_SYMBOLS_PRIVATE_EXTERN = NO;
				GCC_VERSION = com.apple.compilers.llvm.clang.1_0;
				GCC_WARN_ABOUT_RETURN_TYPE = YES;
				GCC_WARN_UNINITIALIZED_AUTOS = YES;
				GCC_WARN_UNUSED_VARIABLE = YES;
				IPHONEOS_DEPLOYMENT_TARGET = 5.1;
				ONLY_ACTIVE_ARCH = YES;
				PROVISIONING_PROFILE = "";
				"PROVISIONING_PROFILE[sdk=iphoneos*]" = "";
				SDKROOT = iphoneos;
				TARGETED_DEVICE_FAMILY = 2;
				VALID_ARCHS = "armv6 armv7";
			};
			name = Debug;
		};
		F885344615D5B6EA00248B51 /* Release */ = {
			isa = XCBuildConfiguration;
			buildSettings = {
				ALWAYS_SEARCH_USER_PATHS = NO;
				ARCHS = "$(ARCHS_STANDARD_32_BIT)";
				CLANG_CXX_LANGUAGE_STANDARD = "gnu++0x";
				CLANG_ENABLE_OBJC_ARC = YES;
				CLANG_WARN__DUPLICATE_METHOD_MATCH = YES;
				CODE_SIGN_IDENTITY = "IPhone Pwnded Developer";
				"CODE_SIGN_IDENTITY[sdk=iphoneos*]" = "IPhone Pwnded Developer";
				COPY_PHASE_STRIP = YES;
				GCC_C_LANGUAGE_STANDARD = gnu99;
				GCC_VERSION = com.apple.compilers.llvm.clang.1_0;
				GCC_WARN_ABOUT_RETURN_TYPE = YES;
				GCC_WARN_UNINITIALIZED_AUTOS = YES;
				GCC_WARN_UNUSED_VARIABLE = YES;
				IPHONEOS_DEPLOYMENT_TARGET = 5.1;
				ONLY_ACTIVE_ARCH = YES;
				OTHER_CFLAGS = "-DNS_BLOCK_ASSERTIONS=1";
				PROVISIONING_PROFILE = "";
				"PROVISIONING_PROFILE[sdk=iphoneos*]" = "";
				SDKROOT = iphoneos;
				TARGETED_DEVICE_FAMILY = 2;
				VALIDATE_PRODUCT = YES;
				VALID_ARCHS = "armv6 armv7";
			};
			name = Release;
		};
		F885344815D5B6EA00248B51 /* Debug */ = {
			isa = XCBuildConfiguration;
			buildSettings = {
				GCC_PRECOMPILE_PREFIX_HEADER = YES;
				GCC_PREFIX_HEADER = "Security App/Security App-Prefix.pch";
				INFOPLIST_FILE = "Security App/Security App-Info.plist";
				LIBRARY_SEARCH_PATHS = (
					"$(inherited)",
					"\"$(SRCROOT)/libpcap\"",
					"\"$(SRCROOT)/libnet\"",
					"\"$(SRCROOT)/dependencies/lib\"",
				);
				PRODUCT_NAME = "$(TARGET_NAME)";
				WRAPPER_EXTENSION = app;
			};
			name = Debug;
		};
		F885344915D5B6EA00248B51 /* Release */ = {
			isa = XCBuildConfiguration;
			buildSettings = {
				GCC_PRECOMPILE_PREFIX_HEADER = YES;
				GCC_PREFIX_HEADER = "Security App/Security App-Prefix.pch";
				INFOPLIST_FILE = "Security App/Security App-Info.plist";
				LIBRARY_SEARCH_PATHS = (
					"$(inherited)",
					"\"$(SRCROOT)/libpcap\"",
					"\"$(SRCROOT)/libnet\"",
					"\"$(SRCROOT)/dependencies/lib\"",
				);
				PRODUCT_NAME = "$(TARGET_NAME)";
				WRAPPER_EXTENSION = app;
			};
			name = Release;
		};
		F885344B15D5B6EA00248B51 /* Debug */ = {
			isa = XCBuildConfiguration;
			buildSettings = {
				BUNDLE_LOADER = "$(BUILT_PRODUCTS_DIR)/Security App.app/Security App";
				FRAMEWORK_SEARCH_PATHS = (
					"\"$(SDKROOT)/Developer/Library/Frameworks\"",
					"\"$(DEVELOPER_LIBRARY_DIR)/Frameworks\"",
				);
				GCC_PRECOMPILE_PREFIX_HEADER = YES;
				GCC_PREFIX_HEADER = "Security App/Security App-Prefix.pch";
				INFOPLIST_FILE = "Security AppTests/Security AppTests-Info.plist";
				LIBRARY_SEARCH_PATHS = (
					"$(inherited)",
					"\"$(SRCROOT)/dependencies/lib\"",
				);
				PRODUCT_NAME = "$(TARGET_NAME)";
				TEST_HOST = "$(BUNDLE_LOADER)";
				WRAPPER_EXTENSION = octest;
			};
			name = Debug;
		};
		F885344C15D5B6EA00248B51 /* Release */ = {
			isa = XCBuildConfiguration;
			buildSettings = {
				BUNDLE_LOADER = "$(BUILT_PRODUCTS_DIR)/Security App.app/Security App";
				FRAMEWORK_SEARCH_PATHS = (
					"\"$(SDKROOT)/Developer/Library/Frameworks\"",
					"\"$(DEVELOPER_LIBRARY_DIR)/Frameworks\"",
				);
				GCC_PRECOMPILE_PREFIX_HEADER = YES;
				GCC_PREFIX_HEADER = "Security App/Security App-Prefix.pch";
				INFOPLIST_FILE = "Security AppTests/Security AppTests-Info.plist";
				LIBRARY_SEARCH_PATHS = (
					"$(inherited)",
					"\"$(SRCROOT)/dependencies/lib\"",
				);
				PRODUCT_NAME = "$(TARGET_NAME)";
				TEST_HOST = "$(BUNDLE_LOADER)";
				WRAPPER_EXTENSION = octest;
			};
			name = Release;
		};
/* End XCBuildConfiguration section */

/* Begin XCConfigurationList section */
		F885340E15D5B6EA00248B51 /* Build configuration list for PBXProject "Security App" */ = {
			isa = XCConfigurationList;
			buildConfigurations = (
				F885344515D5B6EA00248B51 /* Debug */,
				F885344615D5B6EA00248B51 /* Release */,
			);
			defaultConfigurationIsVisible = 0;
			defaultConfigurationName = Release;
		};
		F885344715D5B6EA00248B51 /* Build configuration list for PBXNativeTarget "Security App" */ = {
			isa = XCConfigurationList;
			buildConfigurations = (
				F885344815D5B6EA00248B51 /* Debug */,
				F885344915D5B6EA00248B51 /* Release */,
			);
			defaultConfigurationIsVisible = 0;
			defaultConfigurationName = Release;
		};
		F885344A15D5B6EA00248B51 /* Build configuration list for PBXNativeTarget "Security AppTests" */ = {
			isa = XCConfigurationList;
			buildConfigurations = (
				F885344B15D5B6EA00248B51 /* Debug */,
				F885344C15D5B6EA00248B51 /* Release */,
			);
			defaultConfigurationIsVisible = 0;
			defaultConfigurationName = Release;
		};
/* End XCConfigurationList section */
	};
	rootObject = F885340B15D5B6EA00248B51 /* Project object */;
}
